{
  "name": "@g2/production-management",
  "version": "1.0.0",
  "lockfileVersion": 3,
  "requires": true,
  "packages": {
    "": {
      "name": "@g2/production-management",
      "version": "1.0.0",
      "license": "MIT",
      "devDependencies": {
        "@prettier/plugin-php": "^0.24.0",
        "prettier": "^3.6.2"
      }
    },
    "node_modules/@prettier/plugin-php": {
      "version": "0.24.0",
      "dev": true,
      "license": "MIT",
      "dependencies": {
        "linguist-languages": "^8.0.0",
        "php-parser": "^3.2.5"
      },
      "peerDependencies": {
        "prettier": "^3.0.0"
      }
    },
    "node_modules/linguist-languages": {
      "version": "8.1.0",
      "dev": true,
      "license": "MIT"
    },
    "node_modules/php-parser": {
      "version": "3.2.5",
      "dev": true,
      "license": "BSD-3-Clause"
    },
    "node_modules/prettier": {
      "version": "3.6.2",
      "dev": true,
      "license": "MIT",
      "bin": {
        "prettier": "bin/prettier.cjs"
      },
      "engines": {
        "node": ">=14"
      },
      "funding": {
        "url": "https://github.com/prettier/prettier?sponsor=1"
      }
    }
  }
}
